
Microsoft Visual Studio Solution File, Format Version 12.00
# Visual Studio Version 17
VisualStudioVersion = 17.11.35222.181
MinimumVisualStudioVersion = 10.0.40219.1
Project("{FAE04EC0-301F-11D3-BF4B-00C04F79EFBC}") = "Gerenciador de Ficha", "porjetinho 2!\Gerenciador de Ficha.csproj", "{D0BEC5D3-C5FA-4E6D-953B-4F5E7E13755F}"
EndProject
Global
	GlobalSection(SolutionConfigurationPlatforms) = preSolution
		Debug|Any CPU = Debug|Any CPU
		Release|Any CPU = Release|Any CPU
	EndGlobalSection
	GlobalSection(ProjectConfigurationPlatforms) = postSolution
		{D0BEC5D3-C5FA-4E6D-953B-4F5E7E13755F}.Debug|Any CPU.ActiveCfg = Debug|Any CPU
		{D0BEC5D3-C5FA-4E6D-953B-4F5E7E13755F}.Debug|Any CPU.Build.0 = Debug|Any CPU
		{D0BEC5D3-C5FA-4E6D-953B-4F5E7E13755F}.Release|Any CPU.ActiveCfg = Release|Any CPU
		{D0BEC5D3-C5FA-4E6D-953B-4F5E7E13755F}.Release|Any CPU.Build.0 = Release|Any CPU
	EndGlobalSection
	GlobalSection(SolutionProperties) = preSolution
		HideSolutionNode = FALSE
	EndGlobalSection
	GlobalSection(ExtensibilityGlobals) = postSolution
		SolutionGuid = {687AF0AB-7BA0-4C78-A7AC-7B3021990221}
	EndGlobalSection
EndGlobal
